
Microsoft Visual Studio Solution File, Format Version 12.00
# Visual Studio Version 16
VisualStudioVersion = 16.0.31702.278
MinimumVisualStudioVersion = 10.0.40219.1
Project("{FAE04EC0-301F-11D3-BF4B-00C04F79EFBC}") = "AnimatedIcon", "AnimatedIcon\AnimatedIcon.csproj", "{19A0630B-9FF7-40B5-92DE-A95475E0A16F}"
EndProject
Global
	GlobalSection(SolutionConfigurationPlatforms) = preSolution
		Debug|Any CPU = Debug|Any CPU
		Release|Any CPU = Release|Any CPU
	EndGlobalSection
	GlobalSection(ProjectConfigurationPlatforms) = postSolution
		{19A0630B-9FF7-40B5-92DE-A95475E0A16F}.Debug|Any CPU.ActiveCfg = Debug|Any CPU
		{19A0630B-9FF7-40B5-92DE-A95475E0A16F}.Debug|Any CPU.Build.0 = Debug|Any CPU
		{19A0630B-9FF7-40B5-92DE-A95475E0A16F}.Release|Any CPU.ActiveCfg = Release|Any CPU
		{19A0630B-9FF7-40B5-92DE-A95475E0A16F}.Release|Any CPU.Build.0 = Release|Any CPU
	EndGlobalSection
	GlobalSection(SolutionProperties) = preSolution
		HideSolutionNode = FALSE
	EndGlobalSection
	GlobalSection(ExtensibilityGlobals) = postSolution
		SolutionGuid = {C69AA6A3-9543-4F53-A42B-184D0BC4CBAD}
	EndGlobalSection
EndGlobal
